
Microsoft Visual Studio Solution File, Format Version 12.00
# Visual Studio Version 16
VisualStudioVersion = 16.0.31205.134
MinimumVisualStudioVersion = 10.0.40219.1
Project("{9A19103F-16F7-4668-BE54-9A1E7A4F7556}") = "WinFormsApp1", "WinFormsApp1\WinFormsApp1.csproj", "{5383F318-0618-45A2-A78A-6074F811903C}"
EndProject
Global
	GlobalSection(SolutionConfigurationPlatforms) = preSolution
		Debug|Any CPU = Debug|Any CPU
		Release|Any CPU = Release|Any CPU
	EndGlobalSection
	GlobalSection(ProjectConfigurationPlatforms) = postSolution
		{5383F318-0618-45A2-A78A-6074F811903C}.Debug|Any CPU.ActiveCfg = Debug|Any CPU
		{5383F318-0618-45A2-A78A-6074F811903C}.Debug|Any CPU.Build.0 = Debug|Any CPU
		{5383F318-0618-45A2-A78A-6074F811903C}.Release|Any CPU.ActiveCfg = Release|Any CPU
		{5383F318-0618-45A2-A78A-6074F811903C}.Release|Any CPU.Build.0 = Release|Any CPU
	EndGlobalSection
	GlobalSection(SolutionProperties) = preSolution
		HideSolutionNode = FALSE
	EndGlobalSection
	GlobalSection(ExtensibilityGlobals) = postSolution
		SolutionGuid = {F5A07456-0F5B-4E08-9CF9-F781EEF4CAA0}
	EndGlobalSection
EndGlobal
